
Microsoft Visual Studio Solution File, Format Version 12.00
# Visual Studio Version 16
VisualStudioVersion = 16.0.31702.278
MinimumVisualStudioVersion = 10.0.40219.1
Project("{9A19103F-16F7-4668-BE54-9A1E7A4F7556}") = "Incidences", "MiPrimeraApp\Incidences.csproj", "{C17A2078-A9EE-4491-95AB-339FF188427B}"
EndProject
Global
	GlobalSection(SolutionConfigurationPlatforms) = preSolution
		Debug|Any CPU = Debug|Any CPU
		Release|Any CPU = Release|Any CPU
	EndGlobalSection
	GlobalSection(ProjectConfigurationPlatforms) = postSolution
		{C17A2078-A9EE-4491-95AB-339FF188427B}.Debug|Any CPU.ActiveCfg = Debug|Any CPU
		{C17A2078-A9EE-4491-95AB-339FF188427B}.Debug|Any CPU.Build.0 = Debug|Any CPU
		{C17A2078-A9EE-4491-95AB-339FF188427B}.Release|Any CPU.ActiveCfg = Release|Any CPU
		{C17A2078-A9EE-4491-95AB-339FF188427B}.Release|Any CPU.Build.0 = Release|Any CPU
	EndGlobalSection
	GlobalSection(SolutionProperties) = preSolution
		HideSolutionNode = FALSE
	EndGlobalSection
	GlobalSection(ExtensibilityGlobals) = postSolution
		SolutionGuid = {5B479CE9-B85A-422C-99AC-9EF6844B5A17}
	EndGlobalSection
EndGlobal
